
Microsoft Visual Studio Solution File, Format Version 12.00
# Visual Studio Version 16
VisualStudioVersion = 16.0.31613.86
MinimumVisualStudioVersion = 10.0.40219.1
Project("{FAE04EC0-301F-11D3-BF4B-00C04F79EFBC}") = "ikä", "ikä\ikä.csproj", "{8DAE8E7C-FBAB-4B27-A4C7-27A574EF6472}"
EndProject
Global
	GlobalSection(SolutionConfigurationPlatforms) = preSolution
		Debug|Any CPU = Debug|Any CPU
		Release|Any CPU = Release|Any CPU
	EndGlobalSection
	GlobalSection(ProjectConfigurationPlatforms) = postSolution
		{8DAE8E7C-FBAB-4B27-A4C7-27A574EF6472}.Debug|Any CPU.ActiveCfg = Debug|Any CPU
		{8DAE8E7C-FBAB-4B27-A4C7-27A574EF6472}.Debug|Any CPU.Build.0 = Debug|Any CPU
		{8DAE8E7C-FBAB-4B27-A4C7-27A574EF6472}.Release|Any CPU.ActiveCfg = Release|Any CPU
		{8DAE8E7C-FBAB-4B27-A4C7-27A574EF6472}.Release|Any CPU.Build.0 = Release|Any CPU
	EndGlobalSection
	GlobalSection(SolutionProperties) = preSolution
		HideSolutionNode = FALSE
	EndGlobalSection
	GlobalSection(ExtensibilityGlobals) = postSolution
		SolutionGuid = {0E5BC3B3-7701-4FD7-975F-EBC96F2FE3BB}
	EndGlobalSection
EndGlobal
