
Microsoft Visual Studio Solution File, Format Version 12.00
# Visual Studio Version 16
VisualStudioVersion = 16.0.31613.86
MinimumVisualStudioVersion = 10.0.40219.1
Project("{FAE04EC0-301F-11D3-BF4B-00C04F79EFBC}") = "Salasana", "Salasana\Salasana.csproj", "{C6928878-957D-4B78-AA85-84F553DAFF30}"
EndProject
Global
	GlobalSection(SolutionConfigurationPlatforms) = preSolution
		Debug|Any CPU = Debug|Any CPU
		Release|Any CPU = Release|Any CPU
	EndGlobalSection
	GlobalSection(ProjectConfigurationPlatforms) = postSolution
		{C6928878-957D-4B78-AA85-84F553DAFF30}.Debug|Any CPU.ActiveCfg = Debug|Any CPU
		{C6928878-957D-4B78-AA85-84F553DAFF30}.Debug|Any CPU.Build.0 = Debug|Any CPU
		{C6928878-957D-4B78-AA85-84F553DAFF30}.Release|Any CPU.ActiveCfg = Release|Any CPU
		{C6928878-957D-4B78-AA85-84F553DAFF30}.Release|Any CPU.Build.0 = Release|Any CPU
	EndGlobalSection
	GlobalSection(SolutionProperties) = preSolution
		HideSolutionNode = FALSE
	EndGlobalSection
	GlobalSection(ExtensibilityGlobals) = postSolution
		SolutionGuid = {63023413-46B9-4F65-9590-B069BEA6F0F2}
	EndGlobalSection
EndGlobal
